
Microsoft Visual Studio Solution File, Format Version 12.00
# Visual Studio 15
VisualStudioVersion = 15.0.26730.15
MinimumVisualStudioVersion = 10.0.40219.1
Project("{FAE04EC0-301F-11D3-BF4B-00C04F79EFBC}") = "ReframeCore", "ReframeCore\ReframeCore.csproj", "{F81AD39A-AAB0-4AE0-BABD-89BA79E945ED}"
EndProject
Project("{FAE04EC0-301F-11D3-BF4B-00C04F79EFBC}") = "ReframeCoreTests", "ReframeCoreTests\ReframeCoreTests.csproj", "{5B35DDEF-36DF-4D30-81C0-6E98A25C5652}"
EndProject
Project("{FAE04EC0-301F-11D3-BF4B-00C04F79EFBC}") = "ReframeCoreExamples", "ReframeCoreExamples\ReframeCoreExamples.csproj", "{2551C41C-AAA2-42D5-A96D-95A44474DF92}"
EndProject
Project("{FAE04EC0-301F-11D3-BF4B-00C04F79EFBC}") = "ReframeAnalyzer", "ReframeAnalyzer\ReframeAnalyzer.csproj", "{87BAE3E0-A197-4DC1-9E97-E5945F7CC652}"
EndProject
Project("{FAE04EC0-301F-11D3-BF4B-00C04F79EFBC}") = "IPCServer", "IPCServer\IPCServer.csproj", "{C6D1CF84-2C60-43DE-9038-4529485592E8}"
EndProject
Project("{FAE04EC0-301F-11D3-BF4B-00C04F79EFBC}") = "ServerStarter", "ServerStarter\ServerStarter.csproj", "{8AD7A7F5-13D5-4AFC-94DF-186912F15E55}"
EndProject
Project("{FAE04EC0-301F-11D3-BF4B-00C04F79EFBC}") = "ReframeAnalyzerTests", "ReframeAnalyzerTests\ReframeAnalyzerTests.csproj", "{CA38A380-8243-4D66-B6BE-61BFB7107185}"
EndProject
Project("{FAE04EC0-301F-11D3-BF4B-00C04F79EFBC}") = "ReframeDemonstration", "ReframeDemonstration\ReframeDemonstration.csproj", "{BCC14D70-0A5A-4546-A9CC-7FBB4C565EA7}"
EndProject
Project("{FAE04EC0-301F-11D3-BF4B-00C04F79EFBC}") = "IPCClient", "IPCClient\IPCClient.csproj", "{6D150A3B-579C-4022-B873-B28315AF6397}"
EndProject
Project("{FAE04EC0-301F-11D3-BF4B-00C04F79EFBC}") = "ReframeTools", "ReframeTools\ReframeTools.csproj", "{13201477-E0C5-4053-AB72-CDD6C01ADBE7}"
EndProject
Global
	GlobalSection(SolutionConfigurationPlatforms) = preSolution
		Debug|Any CPU = Debug|Any CPU
		Release|Any CPU = Release|Any CPU
	EndGlobalSection
	GlobalSection(ProjectConfigurationPlatforms) = postSolution
		{F81AD39A-AAB0-4AE0-BABD-89BA79E945ED}.Debug|Any CPU.ActiveCfg = Debug|Any CPU
		{F81AD39A-AAB0-4AE0-BABD-89BA79E945ED}.Debug|Any CPU.Build.0 = Debug|Any CPU
		{F81AD39A-AAB0-4AE0-BABD-89BA79E945ED}.Release|Any CPU.ActiveCfg = Release|Any CPU
		{F81AD39A-AAB0-4AE0-BABD-89BA79E945ED}.Release|Any CPU.Build.0 = Release|Any CPU
		{5B35DDEF-36DF-4D30-81C0-6E98A25C5652}.Debug|Any CPU.ActiveCfg = Debug|Any CPU
		{5B35DDEF-36DF-4D30-81C0-6E98A25C5652}.Debug|Any CPU.Build.0 = Debug|Any CPU
		{5B35DDEF-36DF-4D30-81C0-6E98A25C5652}.Release|Any CPU.ActiveCfg = Release|Any CPU
		{5B35DDEF-36DF-4D30-81C0-6E98A25C5652}.Release|Any CPU.Build.0 = Release|Any CPU
		{2551C41C-AAA2-42D5-A96D-95A44474DF92}.Debug|Any CPU.ActiveCfg = Debug|Any CPU
		{2551C41C-AAA2-42D5-A96D-95A44474DF92}.Debug|Any CPU.Build.0 = Debug|Any CPU
		{2551C41C-AAA2-42D5-A96D-95A44474DF92}.Release|Any CPU.ActiveCfg = Release|Any CPU
		{2551C41C-AAA2-42D5-A96D-95A44474DF92}.Release|Any CPU.Build.0 = Release|Any CPU
		{87BAE3E0-A197-4DC1-9E97-E5945F7CC652}.Debug|Any CPU.ActiveCfg = Debug|Any CPU
		{87BAE3E0-A197-4DC1-9E97-E5945F7CC652}.Debug|Any CPU.Build.0 = Debug|Any CPU
		{87BAE3E0-A197-4DC1-9E97-E5945F7CC652}.Release|Any CPU.ActiveCfg = Release|Any CPU
		{87BAE3E0-A197-4DC1-9E97-E5945F7CC652}.Release|Any CPU.Build.0 = Release|Any CPU
		{C6D1CF84-2C60-43DE-9038-4529485592E8}.Debug|Any CPU.ActiveCfg = Debug|Any CPU
		{C6D1CF84-2C60-43DE-9038-4529485592E8}.Debug|Any CPU.Build.0 = Debug|Any CPU
		{C6D1CF84-2C60-43DE-9038-4529485592E8}.Release|Any CPU.ActiveCfg = Release|Any CPU
		{C6D1CF84-2C60-43DE-9038-4529485592E8}.Release|Any CPU.Build.0 = Release|Any CPU
		{8AD7A7F5-13D5-4AFC-94DF-186912F15E55}.Debug|Any CPU.ActiveCfg = Debug|Any CPU
		{8AD7A7F5-13D5-4AFC-94DF-186912F15E55}.Debug|Any CPU.Build.0 = Debug|Any CPU
		{8AD7A7F5-13D5-4AFC-94DF-186912F15E55}.Release|Any CPU.ActiveCfg = Release|Any CPU
		{8AD7A7F5-13D5-4AFC-94DF-186912F15E55}.Release|Any CPU.Build.0 = Release|Any CPU
		{CA38A380-8243-4D66-B6BE-61BFB7107185}.Debug|Any CPU.ActiveCfg = Debug|Any CPU
		{CA38A380-8243-4D66-B6BE-61BFB7107185}.Debug|Any CPU.Build.0 = Debug|Any CPU
		{CA38A380-8243-4D66-B6BE-61BFB7107185}.Release|Any CPU.ActiveCfg = Release|Any CPU
		{CA38A380-8243-4D66-B6BE-61BFB7107185}.Release|Any CPU.Build.0 = Release|Any CPU
		{BCC14D70-0A5A-4546-A9CC-7FBB4C565EA7}.Debug|Any CPU.ActiveCfg = Debug|Any CPU
		{BCC14D70-0A5A-4546-A9CC-7FBB4C565EA7}.Debug|Any CPU.Build.0 = Debug|Any CPU
		{BCC14D70-0A5A-4546-A9CC-7FBB4C565EA7}.Release|Any CPU.ActiveCfg = Release|Any CPU
		{BCC14D70-0A5A-4546-A9CC-7FBB4C565EA7}.Release|Any CPU.Build.0 = Release|Any CPU
		{6D150A3B-579C-4022-B873-B28315AF6397}.Debug|Any CPU.ActiveCfg = Debug|Any CPU
		{6D150A3B-579C-4022-B873-B28315AF6397}.Debug|Any CPU.Build.0 = Debug|Any CPU
		{6D150A3B-579C-4022-B873-B28315AF6397}.Release|Any CPU.ActiveCfg = Release|Any CPU
		{6D150A3B-579C-4022-B873-B28315AF6397}.Release|Any CPU.Build.0 = Release|Any CPU
		{13201477-E0C5-4053-AB72-CDD6C01ADBE7}.Debug|Any CPU.ActiveCfg = Debug|Any CPU
		{13201477-E0C5-4053-AB72-CDD6C01ADBE7}.Debug|Any CPU.Build.0 = Debug|Any CPU
		{13201477-E0C5-4053-AB72-CDD6C01ADBE7}.Release|Any CPU.ActiveCfg = Release|Any CPU
		{13201477-E0C5-4053-AB72-CDD6C01ADBE7}.Release|Any CPU.Build.0 = Release|Any CPU
	EndGlobalSection
	GlobalSection(SolutionProperties) = preSolution
		HideSolutionNode = FALSE
	EndGlobalSection
	GlobalSection(ExtensibilityGlobals) = postSolution
		SolutionGuid = {6009287E-EE29-46BE-9BCC-CE6FD3EE4F81}
	EndGlobalSection
EndGlobal
