
Microsoft Visual Studio Solution File, Format Version 12.00
# Visual Studio Version 16
VisualStudioVersion = 16.0.30204.135
MinimumVisualStudioVersion = 10.0.40219.1
Project("{FAE04EC0-301F-11D3-BF4B-00C04F79EFBC}") = "ReframeCore", "ReframeCore\ReframeCore.csproj", "{F81AD39A-AAB0-4AE0-BABD-89BA79E945ED}"
EndProject
Project("{FAE04EC0-301F-11D3-BF4B-00C04F79EFBC}") = "ReframeCoreTests", "ReframeCoreTests\ReframeCoreTests.csproj", "{5B35DDEF-36DF-4D30-81C0-6E98A25C5652}"
EndProject
Project("{FAE04EC0-301F-11D3-BF4B-00C04F79EFBC}") = "ReframeCoreExamples", "ReframeCoreExamples\ReframeCoreExamples.csproj", "{2551C41C-AAA2-42D5-A96D-95A44474DF92}"
EndProject
Project("{FAE04EC0-301F-11D3-BF4B-00C04F79EFBC}") = "ReframeAnalyzer", "ReframeAnalyzer\ReframeAnalyzer.csproj", "{87BAE3E0-A197-4DC1-9E97-E5945F7CC652}"
EndProject
Project("{FAE04EC0-301F-11D3-BF4B-00C04F79EFBC}") = "IPCServer", "IPCServer\IPCServer.csproj", "{C6D1CF84-2C60-43DE-9038-4529485592E8}"
EndProject
Project("{FAE04EC0-301F-11D3-BF4B-00C04F79EFBC}") = "ReframeAnalyzerTests", "ReframeAnalyzerTests\ReframeAnalyzerTests.csproj", "{CA38A380-8243-4D66-B6BE-61BFB7107185}"
EndProject
Project("{FAE04EC0-301F-11D3-BF4B-00C04F79EFBC}") = "ReframeDemonstration", "ReframeDemonstration\ReframeDemonstration.csproj", "{BCC14D70-0A5A-4546-A9CC-7FBB4C565EA7}"
EndProject
Project("{FAE04EC0-301F-11D3-BF4B-00C04F79EFBC}") = "IPCClient", "IPCClient\IPCClient.csproj", "{6D150A3B-579C-4022-B873-B28315AF6397}"
EndProject
Project("{FAE04EC0-301F-11D3-BF4B-00C04F79EFBC}") = "ReframeVisualizer", "ReframeVisualizer\ReframeVisualizer.csproj", "{2BECC201-155A-4FD4-81E0-3D6A33C6838D}"
EndProject
Project("{FAE04EC0-301F-11D3-BF4B-00C04F79EFBC}") = "ReframeExporter", "ReframeExporter\ReframeExporter.csproj", "{9F507F8C-9E4B-4E12-AE3A-389AD8F0E337}"
EndProject
Project("{FAE04EC0-301F-11D3-BF4B-00C04F79EFBC}") = "ReframeExporterTests", "ReframeExporterTests\ReframeExporterTests.csproj", "{EA249920-9709-42F9-B1A0-E50210BDD84F}"
EndProject
Project("{FAE04EC0-301F-11D3-BF4B-00C04F79EFBC}") = "ReframeBaseExceptions", "ReframeBaseExceptions\ReframeBaseExceptions.csproj", "{D4B96CC8-D94C-42B9-88F1-92C4B728143D}"
EndProject
Project("{FAE04EC0-301F-11D3-BF4B-00C04F79EFBC}") = "ReframeFluentAPI", "ReframeFluentAPI\ReframeFluentAPI.csproj", "{67586AE9-A71C-4948-8ECA-68235518B4F8}"
EndProject
Project("{FAE04EC0-301F-11D3-BF4B-00C04F79EFBC}") = "ReframeServer", "ReframeServer\ReframeServer.csproj", "{57E8C376-8716-452F-BF84-BBAF7B3FFEC3}"
EndProject
Project("{FAE04EC0-301F-11D3-BF4B-00C04F79EFBC}") = "ReframeClient", "ReframeClient\ReframeClient.csproj", "{3E1F7606-8C9F-44CB-825B-E378570A59DB}"
EndProject
Project("{FAE04EC0-301F-11D3-BF4B-00C04F79EFBC}") = "ReframeImporter", "Importer\ReframeImporter.csproj", "{DD4A6BA8-74D2-48A3-8E1A-B17AE1F3C586}"
EndProject
Project("{FAE04EC0-301F-11D3-BF4B-00C04F79EFBC}") = "ReframeImporterTests", "ReframeImporterTests\ReframeImporterTests.csproj", "{2EF8A6BF-4116-4B2D-997F-7270390C2E79}"
EndProject
Project("{FAE04EC0-301F-11D3-BF4B-00C04F79EFBC}") = "VisualizerDGML", "VisualizerDGML\VisualizerDGML.csproj", "{28EA06C4-5306-4CF7-B97F-3815F2AE8E64}"
EndProject
Project("{FAE04EC0-301F-11D3-BF4B-00C04F79EFBC}") = "ReframeFluentAPITests", "ReframeFluentAPITests\ReframeFluentAPITests.csproj", "{302E47A8-0C33-4F11-BD7D-DE646C8FEA35}"
EndProject
Project("{FAE04EC0-301F-11D3-BF4B-00C04F79EFBC}") = "VisualizerDGMLTests", "VisualizerDGMLTests\VisualizerDGMLTests.csproj", "{C226BA1C-B648-4D57-B16B-336B9CFA3C61}"
EndProject
Project("{FAE04EC0-301F-11D3-BF4B-00C04F79EFBC}") = "ReframeToolsMain", "ReframeToolsMain\ReframeToolsMain.csproj", "{79986C4B-92E2-4D6B-804E-C6B529FFB57A}"
EndProject
Global
	GlobalSection(SolutionConfigurationPlatforms) = preSolution
		Debug|Any CPU = Debug|Any CPU
		Release|Any CPU = Release|Any CPU
	EndGlobalSection
	GlobalSection(ProjectConfigurationPlatforms) = postSolution
		{F81AD39A-AAB0-4AE0-BABD-89BA79E945ED}.Debug|Any CPU.ActiveCfg = Debug|Any CPU
		{F81AD39A-AAB0-4AE0-BABD-89BA79E945ED}.Debug|Any CPU.Build.0 = Debug|Any CPU
		{F81AD39A-AAB0-4AE0-BABD-89BA79E945ED}.Release|Any CPU.ActiveCfg = Release|Any CPU
		{F81AD39A-AAB0-4AE0-BABD-89BA79E945ED}.Release|Any CPU.Build.0 = Release|Any CPU
		{5B35DDEF-36DF-4D30-81C0-6E98A25C5652}.Debug|Any CPU.ActiveCfg = Debug|Any CPU
		{5B35DDEF-36DF-4D30-81C0-6E98A25C5652}.Debug|Any CPU.Build.0 = Debug|Any CPU
		{5B35DDEF-36DF-4D30-81C0-6E98A25C5652}.Release|Any CPU.ActiveCfg = Release|Any CPU
		{5B35DDEF-36DF-4D30-81C0-6E98A25C5652}.Release|Any CPU.Build.0 = Release|Any CPU
		{2551C41C-AAA2-42D5-A96D-95A44474DF92}.Debug|Any CPU.ActiveCfg = Debug|Any CPU
		{2551C41C-AAA2-42D5-A96D-95A44474DF92}.Debug|Any CPU.Build.0 = Debug|Any CPU
		{2551C41C-AAA2-42D5-A96D-95A44474DF92}.Release|Any CPU.ActiveCfg = Release|Any CPU
		{2551C41C-AAA2-42D5-A96D-95A44474DF92}.Release|Any CPU.Build.0 = Release|Any CPU
		{87BAE3E0-A197-4DC1-9E97-E5945F7CC652}.Debug|Any CPU.ActiveCfg = Debug|Any CPU
		{87BAE3E0-A197-4DC1-9E97-E5945F7CC652}.Debug|Any CPU.Build.0 = Debug|Any CPU
		{87BAE3E0-A197-4DC1-9E97-E5945F7CC652}.Release|Any CPU.ActiveCfg = Release|Any CPU
		{87BAE3E0-A197-4DC1-9E97-E5945F7CC652}.Release|Any CPU.Build.0 = Release|Any CPU
		{C6D1CF84-2C60-43DE-9038-4529485592E8}.Debug|Any CPU.ActiveCfg = Debug|Any CPU
		{C6D1CF84-2C60-43DE-9038-4529485592E8}.Debug|Any CPU.Build.0 = Debug|Any CPU
		{C6D1CF84-2C60-43DE-9038-4529485592E8}.Release|Any CPU.ActiveCfg = Release|Any CPU
		{C6D1CF84-2C60-43DE-9038-4529485592E8}.Release|Any CPU.Build.0 = Release|Any CPU
		{CA38A380-8243-4D66-B6BE-61BFB7107185}.Debug|Any CPU.ActiveCfg = Debug|Any CPU
		{CA38A380-8243-4D66-B6BE-61BFB7107185}.Debug|Any CPU.Build.0 = Debug|Any CPU
		{CA38A380-8243-4D66-B6BE-61BFB7107185}.Release|Any CPU.ActiveCfg = Release|Any CPU
		{CA38A380-8243-4D66-B6BE-61BFB7107185}.Release|Any CPU.Build.0 = Release|Any CPU
		{BCC14D70-0A5A-4546-A9CC-7FBB4C565EA7}.Debug|Any CPU.ActiveCfg = Debug|Any CPU
		{BCC14D70-0A5A-4546-A9CC-7FBB4C565EA7}.Debug|Any CPU.Build.0 = Debug|Any CPU
		{BCC14D70-0A5A-4546-A9CC-7FBB4C565EA7}.Release|Any CPU.ActiveCfg = Release|Any CPU
		{BCC14D70-0A5A-4546-A9CC-7FBB4C565EA7}.Release|Any CPU.Build.0 = Release|Any CPU
		{6D150A3B-579C-4022-B873-B28315AF6397}.Debug|Any CPU.ActiveCfg = Debug|Any CPU
		{6D150A3B-579C-4022-B873-B28315AF6397}.Debug|Any CPU.Build.0 = Debug|Any CPU
		{6D150A3B-579C-4022-B873-B28315AF6397}.Release|Any CPU.ActiveCfg = Release|Any CPU
		{6D150A3B-579C-4022-B873-B28315AF6397}.Release|Any CPU.Build.0 = Release|Any CPU
		{2BECC201-155A-4FD4-81E0-3D6A33C6838D}.Debug|Any CPU.ActiveCfg = Debug|Any CPU
		{2BECC201-155A-4FD4-81E0-3D6A33C6838D}.Debug|Any CPU.Build.0 = Debug|Any CPU
		{2BECC201-155A-4FD4-81E0-3D6A33C6838D}.Release|Any CPU.ActiveCfg = Release|Any CPU
		{2BECC201-155A-4FD4-81E0-3D6A33C6838D}.Release|Any CPU.Build.0 = Release|Any CPU
		{9F507F8C-9E4B-4E12-AE3A-389AD8F0E337}.Debug|Any CPU.ActiveCfg = Debug|Any CPU
		{9F507F8C-9E4B-4E12-AE3A-389AD8F0E337}.Debug|Any CPU.Build.0 = Debug|Any CPU
		{9F507F8C-9E4B-4E12-AE3A-389AD8F0E337}.Release|Any CPU.ActiveCfg = Release|Any CPU
		{9F507F8C-9E4B-4E12-AE3A-389AD8F0E337}.Release|Any CPU.Build.0 = Release|Any CPU
		{EA249920-9709-42F9-B1A0-E50210BDD84F}.Debug|Any CPU.ActiveCfg = Debug|Any CPU
		{EA249920-9709-42F9-B1A0-E50210BDD84F}.Debug|Any CPU.Build.0 = Debug|Any CPU
		{EA249920-9709-42F9-B1A0-E50210BDD84F}.Release|Any CPU.ActiveCfg = Release|Any CPU
		{EA249920-9709-42F9-B1A0-E50210BDD84F}.Release|Any CPU.Build.0 = Release|Any CPU
		{D4B96CC8-D94C-42B9-88F1-92C4B728143D}.Debug|Any CPU.ActiveCfg = Debug|Any CPU
		{D4B96CC8-D94C-42B9-88F1-92C4B728143D}.Debug|Any CPU.Build.0 = Debug|Any CPU
		{D4B96CC8-D94C-42B9-88F1-92C4B728143D}.Release|Any CPU.ActiveCfg = Release|Any CPU
		{D4B96CC8-D94C-42B9-88F1-92C4B728143D}.Release|Any CPU.Build.0 = Release|Any CPU
		{67586AE9-A71C-4948-8ECA-68235518B4F8}.Debug|Any CPU.ActiveCfg = Debug|Any CPU
		{67586AE9-A71C-4948-8ECA-68235518B4F8}.Debug|Any CPU.Build.0 = Debug|Any CPU
		{67586AE9-A71C-4948-8ECA-68235518B4F8}.Release|Any CPU.ActiveCfg = Release|Any CPU
		{67586AE9-A71C-4948-8ECA-68235518B4F8}.Release|Any CPU.Build.0 = Release|Any CPU
		{57E8C376-8716-452F-BF84-BBAF7B3FFEC3}.Debug|Any CPU.ActiveCfg = Debug|Any CPU
		{57E8C376-8716-452F-BF84-BBAF7B3FFEC3}.Debug|Any CPU.Build.0 = Debug|Any CPU
		{57E8C376-8716-452F-BF84-BBAF7B3FFEC3}.Release|Any CPU.ActiveCfg = Release|Any CPU
		{57E8C376-8716-452F-BF84-BBAF7B3FFEC3}.Release|Any CPU.Build.0 = Release|Any CPU
		{3E1F7606-8C9F-44CB-825B-E378570A59DB}.Debug|Any CPU.ActiveCfg = Debug|Any CPU
		{3E1F7606-8C9F-44CB-825B-E378570A59DB}.Debug|Any CPU.Build.0 = Debug|Any CPU
		{3E1F7606-8C9F-44CB-825B-E378570A59DB}.Release|Any CPU.ActiveCfg = Release|Any CPU
		{3E1F7606-8C9F-44CB-825B-E378570A59DB}.Release|Any CPU.Build.0 = Release|Any CPU
		{DD4A6BA8-74D2-48A3-8E1A-B17AE1F3C586}.Debug|Any CPU.ActiveCfg = Debug|Any CPU
		{DD4A6BA8-74D2-48A3-8E1A-B17AE1F3C586}.Debug|Any CPU.Build.0 = Debug|Any CPU
		{DD4A6BA8-74D2-48A3-8E1A-B17AE1F3C586}.Release|Any CPU.ActiveCfg = Release|Any CPU
		{DD4A6BA8-74D2-48A3-8E1A-B17AE1F3C586}.Release|Any CPU.Build.0 = Release|Any CPU
		{2EF8A6BF-4116-4B2D-997F-7270390C2E79}.Debug|Any CPU.ActiveCfg = Debug|Any CPU
		{2EF8A6BF-4116-4B2D-997F-7270390C2E79}.Debug|Any CPU.Build.0 = Debug|Any CPU
		{2EF8A6BF-4116-4B2D-997F-7270390C2E79}.Release|Any CPU.ActiveCfg = Release|Any CPU
		{2EF8A6BF-4116-4B2D-997F-7270390C2E79}.Release|Any CPU.Build.0 = Release|Any CPU
		{28EA06C4-5306-4CF7-B97F-3815F2AE8E64}.Debug|Any CPU.ActiveCfg = Debug|Any CPU
		{28EA06C4-5306-4CF7-B97F-3815F2AE8E64}.Debug|Any CPU.Build.0 = Debug|Any CPU
		{28EA06C4-5306-4CF7-B97F-3815F2AE8E64}.Release|Any CPU.ActiveCfg = Release|Any CPU
		{28EA06C4-5306-4CF7-B97F-3815F2AE8E64}.Release|Any CPU.Build.0 = Release|Any CPU
		{302E47A8-0C33-4F11-BD7D-DE646C8FEA35}.Debug|Any CPU.ActiveCfg = Debug|Any CPU
		{302E47A8-0C33-4F11-BD7D-DE646C8FEA35}.Debug|Any CPU.Build.0 = Debug|Any CPU
		{302E47A8-0C33-4F11-BD7D-DE646C8FEA35}.Release|Any CPU.ActiveCfg = Release|Any CPU
		{302E47A8-0C33-4F11-BD7D-DE646C8FEA35}.Release|Any CPU.Build.0 = Release|Any CPU
		{C226BA1C-B648-4D57-B16B-336B9CFA3C61}.Debug|Any CPU.ActiveCfg = Debug|Any CPU
		{C226BA1C-B648-4D57-B16B-336B9CFA3C61}.Debug|Any CPU.Build.0 = Debug|Any CPU
		{C226BA1C-B648-4D57-B16B-336B9CFA3C61}.Release|Any CPU.ActiveCfg = Release|Any CPU
		{C226BA1C-B648-4D57-B16B-336B9CFA3C61}.Release|Any CPU.Build.0 = Release|Any CPU
		{79986C4B-92E2-4D6B-804E-C6B529FFB57A}.Debug|Any CPU.ActiveCfg = Debug|Any CPU
		{79986C4B-92E2-4D6B-804E-C6B529FFB57A}.Debug|Any CPU.Build.0 = Debug|Any CPU
		{79986C4B-92E2-4D6B-804E-C6B529FFB57A}.Release|Any CPU.ActiveCfg = Release|Any CPU
		{79986C4B-92E2-4D6B-804E-C6B529FFB57A}.Release|Any CPU.Build.0 = Release|Any CPU
	EndGlobalSection
	GlobalSection(SolutionProperties) = preSolution
		HideSolutionNode = FALSE
	EndGlobalSection
	GlobalSection(ExtensibilityGlobals) = postSolution
		SolutionGuid = {6009287E-EE29-46BE-9BCC-CE6FD3EE4F81}
	EndGlobalSection
EndGlobal
